
Microsoft Visual Studio Solution File, Format Version 9.00
# Visual Studio 2005
Project("{8BC9CEB8-8B4A-11D0-8D11-00A0C91BC942}") = "Dta", "Dta.vcproj", "{95AEFF76-1A66-485C-86DB-26E79AE1685E}"
EndProject
Global
	GlobalSection(SolutionConfigurationPlatforms) = preSolution
		Debug|SDK_CE6_ARM (ARMV4I) = Debug|SDK_CE6_ARM (ARMV4I)
		Debug|SDK_CE6_MIPS (MIPSII) = Debug|SDK_CE6_MIPS (MIPSII)
		Debug|STANDARDSDK_500 (ARMV4I) = Debug|STANDARDSDK_500 (ARMV4I)
		Debug|STANDARDSDK_500 (MIPSII) = Debug|STANDARDSDK_500 (MIPSII)
		Debug|Windows Mobile 5.0 Pocket PC SDK (ARMV4I) = Debug|Windows Mobile 5.0 Pocket PC SDK (ARMV4I)
		Debug|Windows Mobile 6 Professional SDK (ARMV4I) = Debug|Windows Mobile 6 Professional SDK (ARMV4I)
		Release|SDK_CE6_ARM (ARMV4I) = Release|SDK_CE6_ARM (ARMV4I)
		Release|SDK_CE6_MIPS (MIPSII) = Release|SDK_CE6_MIPS (MIPSII)
		Release|STANDARDSDK_500 (ARMV4I) = Release|STANDARDSDK_500 (ARMV4I)
		Release|STANDARDSDK_500 (MIPSII) = Release|STANDARDSDK_500 (MIPSII)
		Release|Windows Mobile 5.0 Pocket PC SDK (ARMV4I) = Release|Windows Mobile 5.0 Pocket PC SDK (ARMV4I)
		Release|Windows Mobile 6 Professional SDK (ARMV4I) = Release|Windows Mobile 6 Professional SDK (ARMV4I)
	EndGlobalSection
	GlobalSection(ProjectConfigurationPlatforms) = postSolution
		{95AEFF76-1A66-485C-86DB-26E79AE1685E}.Debug|SDK_CE6_ARM (ARMV4I).ActiveCfg = Debug|SDK_CE6_ARM (ARMV4I)
		{95AEFF76-1A66-485C-86DB-26E79AE1685E}.Debug|SDK_CE6_ARM (ARMV4I).Build.0 = Debug|SDK_CE6_ARM (ARMV4I)
		{95AEFF76-1A66-485C-86DB-26E79AE1685E}.Debug|SDK_CE6_ARM (ARMV4I).Deploy.0 = Debug|SDK_CE6_ARM (ARMV4I)
		{95AEFF76-1A66-485C-86DB-26E79AE1685E}.Debug|SDK_CE6_MIPS (MIPSII).ActiveCfg = Debug|SDK_CE6_MIPS (MIPSII)
		{95AEFF76-1A66-485C-86DB-26E79AE1685E}.Debug|SDK_CE6_MIPS (MIPSII).Build.0 = Debug|SDK_CE6_MIPS (MIPSII)
		{95AEFF76-1A66-485C-86DB-26E79AE1685E}.Debug|SDK_CE6_MIPS (MIPSII).Deploy.0 = Debug|SDK_CE6_MIPS (MIPSII)
		{95AEFF76-1A66-485C-86DB-26E79AE1685E}.Debug|STANDARDSDK_500 (ARMV4I).ActiveCfg = Debug|STANDARDSDK_500 (ARMV4I)
		{95AEFF76-1A66-485C-86DB-26E79AE1685E}.Debug|STANDARDSDK_500 (ARMV4I).Build.0 = Debug|STANDARDSDK_500 (ARMV4I)
		{95AEFF76-1A66-485C-86DB-26E79AE1685E}.Debug|STANDARDSDK_500 (ARMV4I).Deploy.0 = Debug|STANDARDSDK_500 (ARMV4I)
		{95AEFF76-1A66-485C-86DB-26E79AE1685E}.Debug|STANDARDSDK_500 (MIPSII).ActiveCfg = Debug|STANDARDSDK_500 (MIPSII)
		{95AEFF76-1A66-485C-86DB-26E79AE1685E}.Debug|STANDARDSDK_500 (MIPSII).Build.0 = Debug|STANDARDSDK_500 (MIPSII)
		{95AEFF76-1A66-485C-86DB-26E79AE1685E}.Debug|STANDARDSDK_500 (MIPSII).Deploy.0 = Debug|STANDARDSDK_500 (MIPSII)
		{95AEFF76-1A66-485C-86DB-26E79AE1685E}.Debug|Windows Mobile 5.0 Pocket PC SDK (ARMV4I).ActiveCfg = Debug|Windows Mobile 5.0 Pocket PC SDK (ARMV4I)
		{95AEFF76-1A66-485C-86DB-26E79AE1685E}.Debug|Windows Mobile 5.0 Pocket PC SDK (ARMV4I).Build.0 = Debug|Windows Mobile 5.0 Pocket PC SDK (ARMV4I)
		{95AEFF76-1A66-485C-86DB-26E79AE1685E}.Debug|Windows Mobile 5.0 Pocket PC SDK (ARMV4I).Deploy.0 = Debug|Windows Mobile 5.0 Pocket PC SDK (ARMV4I)
		{95AEFF76-1A66-485C-86DB-26E79AE1685E}.Debug|Windows Mobile 6 Professional SDK (ARMV4I).ActiveCfg = Debug|Windows Mobile 6 Professional SDK (ARMV4I)
		{95AEFF76-1A66-485C-86DB-26E79AE1685E}.Debug|Windows Mobile 6 Professional SDK (ARMV4I).Build.0 = Debug|Windows Mobile 6 Professional SDK (ARMV4I)
		{95AEFF76-1A66-485C-86DB-26E79AE1685E}.Debug|Windows Mobile 6 Professional SDK (ARMV4I).Deploy.0 = Debug|Windows Mobile 6 Professional SDK (ARMV4I)
		{95AEFF76-1A66-485C-86DB-26E79AE1685E}.Release|SDK_CE6_ARM (ARMV4I).ActiveCfg = Release|SDK_CE6_ARM (ARMV4I)
		{95AEFF76-1A66-485C-86DB-26E79AE1685E}.Release|SDK_CE6_ARM (ARMV4I).Build.0 = Release|SDK_CE6_ARM (ARMV4I)
		{95AEFF76-1A66-485C-86DB-26E79AE1685E}.Release|SDK_CE6_ARM (ARMV4I).Deploy.0 = Release|SDK_CE6_ARM (ARMV4I)
		{95AEFF76-1A66-485C-86DB-26E79AE1685E}.Release|SDK_CE6_MIPS (MIPSII).ActiveCfg = Release|SDK_CE6_MIPS (MIPSII)
		{95AEFF76-1A66-485C-86DB-26E79AE1685E}.Release|SDK_CE6_MIPS (MIPSII).Build.0 = Release|SDK_CE6_MIPS (MIPSII)
		{95AEFF76-1A66-485C-86DB-26E79AE1685E}.Release|SDK_CE6_MIPS (MIPSII).Deploy.0 = Release|SDK_CE6_MIPS (MIPSII)
		{95AEFF76-1A66-485C-86DB-26E79AE1685E}.Release|STANDARDSDK_500 (ARMV4I).ActiveCfg = Release|STANDARDSDK_500 (ARMV4I)
		{95AEFF76-1A66-485C-86DB-26E79AE1685E}.Release|STANDARDSDK_500 (ARMV4I).Build.0 = Release|STANDARDSDK_500 (ARMV4I)
		{95AEFF76-1A66-485C-86DB-26E79AE1685E}.Release|STANDARDSDK_500 (ARMV4I).Deploy.0 = Release|STANDARDSDK_500 (ARMV4I)
		{95AEFF76-1A66-485C-86DB-26E79AE1685E}.Release|STANDARDSDK_500 (MIPSII).ActiveCfg = Release|STANDARDSDK_500 (MIPSII)
		{95AEFF76-1A66-485C-86DB-26E79AE1685E}.Release|STANDARDSDK_500 (MIPSII).Build.0 = Release|STANDARDSDK_500 (MIPSII)
		{95AEFF76-1A66-485C-86DB-26E79AE1685E}.Release|STANDARDSDK_500 (MIPSII).Deploy.0 = Release|STANDARDSDK_500 (MIPSII)
		{95AEFF76-1A66-485C-86DB-26E79AE1685E}.Release|Windows Mobile 5.0 Pocket PC SDK (ARMV4I).ActiveCfg = Release|Windows Mobile 5.0 Pocket PC SDK (ARMV4I)
		{95AEFF76-1A66-485C-86DB-26E79AE1685E}.Release|Windows Mobile 5.0 Pocket PC SDK (ARMV4I).Build.0 = Release|Windows Mobile 5.0 Pocket PC SDK (ARMV4I)
		{95AEFF76-1A66-485C-86DB-26E79AE1685E}.Release|Windows Mobile 5.0 Pocket PC SDK (ARMV4I).Deploy.0 = Release|Windows Mobile 5.0 Pocket PC SDK (ARMV4I)
		{95AEFF76-1A66-485C-86DB-26E79AE1685E}.Release|Windows Mobile 6 Professional SDK (ARMV4I).ActiveCfg = Release|Windows Mobile 6 Professional SDK (ARMV4I)
		{95AEFF76-1A66-485C-86DB-26E79AE1685E}.Release|Windows Mobile 6 Professional SDK (ARMV4I).Build.0 = Release|Windows Mobile 6 Professional SDK (ARMV4I)
		{95AEFF76-1A66-485C-86DB-26E79AE1685E}.Release|Windows Mobile 6 Professional SDK (ARMV4I).Deploy.0 = Release|Windows Mobile 6 Professional SDK (ARMV4I)
	EndGlobalSection
	GlobalSection(SolutionProperties) = preSolution
		HideSolutionNode = FALSE
	EndGlobalSection
EndGlobal
